
Microsoft Visual Studio Solution File, Format Version 12.00
# Visual Studio Version 17
VisualStudioVersion = 17.9.34728.123
MinimumVisualStudioVersion = 10.0.40219.1
Project("{FAE04EC0-301F-11D3-BF4B-00C04F79EFBC}") = "firstProgram", "firstProgram\firstProgram.csproj", "{310D366D-8CCE-4CBC-8902-6BABE90EE776}"
EndProject
Global
	GlobalSection(SolutionConfigurationPlatforms) = preSolution
		Debug|Any CPU = Debug|Any CPU
		Release|Any CPU = Release|Any CPU
	EndGlobalSection
	GlobalSection(ProjectConfigurationPlatforms) = postSolution
		{310D366D-8CCE-4CBC-8902-6BABE90EE776}.Debug|Any CPU.ActiveCfg = Debug|Any CPU
		{310D366D-8CCE-4CBC-8902-6BABE90EE776}.Debug|Any CPU.Build.0 = Debug|Any CPU
		{310D366D-8CCE-4CBC-8902-6BABE90EE776}.Release|Any CPU.ActiveCfg = Release|Any CPU
		{310D366D-8CCE-4CBC-8902-6BABE90EE776}.Release|Any CPU.Build.0 = Release|Any CPU
	EndGlobalSection
	GlobalSection(SolutionProperties) = preSolution
		HideSolutionNode = FALSE
	EndGlobalSection
	GlobalSection(ExtensibilityGlobals) = postSolution
		SolutionGuid = {B8259F83-30E5-4EAA-B5E4-D485973F0487}
	EndGlobalSection
EndGlobal
